// !$*UTF8*$!
{
	archiveVersion = 1;
	classes = {
	};
	objectVersion = 48;
	objects = {

/* Begin PBXBuildFile section */
		520AE333232DC8A80087EDC2 /* BroadcastViewController.swift in Sources */ = {isa = PBXBuildFile; fileRef = 520AE332232DC8A80087EDC2 /* BroadcastViewController.swift */; };
		520AE335232DD0050087EDC2 /* BroadcastTableViewCell.swift in Sources */ = {isa = PBXBuildFile; fileRef = 520AE334232DD0050087EDC2 /* BroadcastTableViewCell.swift */; };
		520AE337232E57060087EDC2 /* SelectChannelViewController.swift in Sources */ = {isa = PBXBuildFile; fileRef = 520AE336232E57060087EDC2 /* SelectChannelViewController.swift */; };
		520AE339232E6D950087EDC2 /* SelectChannelTableViewCell.swift in Sources */ = {isa = PBXBuildFile; fileRef = 520AE338232E6D950087EDC2 /* SelectChannelTableViewCell.swift */; };
		521821F220AF6806009F8FD5 /* StoriesViewController.swift in Sources */ = {isa = PBXBuildFile; fileRef = 521821F120AF6806009F8FD5 /* StoriesViewController.swift */; };
		521821F420AF9E9A009F8FD5 /* LeaderboardViewController.swift in Sources */ = {isa = PBXBuildFile; fileRef = 521821F320AF9E9A009F8FD5 /* LeaderboardViewController.swift */; };
		52182DE420BDBACC0049FFB3 /* Roboto-Bold.ttf in Resources */ = {isa = PBXBuildFile; fileRef = 52AFD4F720BDAAB10039559A /* Roboto-Bold.ttf */; };
		52182DE520BDBACC0049FFB3 /* Roboto-Light.ttf in Resources */ = {isa = PBXBuildFile; fileRef = 52AFD4F820BDAAB30039559A /* Roboto-Light.ttf */; };
		52182DE620BDBACC0049FFB3 /* Roboto-Regular.ttf in Resources */ = {isa = PBXBuildFile; fileRef = 52AFD4F620BDAAAF0039559A /* Roboto-Regular.ttf */; };
		52182DE820BDCA560049FFB3 /* Channel.storyboard in Resources */ = {isa = PBXBuildFile; fileRef = 52182DE720BDCA560049FFB3 /* Channel.storyboard */; };
		522018932082DF00004AB74F /* PreviewViewController.swift in Sources */ = {isa = PBXBuildFile; fileRef = 522018922082DF00004AB74F /* PreviewViewController.swift */; };
		5225F9AD20B2284A00D95B8A /* UIImageViewWithMask.swift in Sources */ = {isa = PBXBuildFile; fileRef = 5225F9AC20B2284A00D95B8A /* UIImageViewWithMask.swift */; };
		5225F9AF20B2390100D95B8A /* ChannelTableViewCellArchive.swift in Sources */ = {isa = PBXBuildFile; fileRef = 5225F9AE20B2390100D95B8A /* ChannelTableViewCellArchive.swift */; };
		5225F9B120B2459900D95B8A /* ChannelViewController.swift in Sources */ = {isa = PBXBuildFile; fileRef = 5225F9B020B2459900D95B8A /* ChannelViewController.swift */; };
		5225F9B320B763D600D95B8A /* VoteViewController.swift in Sources */ = {isa = PBXBuildFile; fileRef = 5225F9B220B763D600D95B8A /* VoteViewController.swift */; };
		522F0A0D20D418B20072A63E /* Channel.swift in Sources */ = {isa = PBXBuildFile; fileRef = 522F0A0C20D418B20072A63E /* Channel.swift */; };
		523024F721026E220091AE52 /* ChannelPostApi.swift in Sources */ = {isa = PBXBuildFile; fileRef = 523024F621026E220091AE52 /* ChannelPostApi.swift */; };
		523024F9210273C60091AE52 /* PostApi.swift in Sources */ = {isa = PBXBuildFile; fileRef = 523024F8210273C60091AE52 /* PostApi.swift */; };
		52386CF8208AC53E0062C898 /* NoChannelViewController.swift in Sources */ = {isa = PBXBuildFile; fileRef = 52386CF7208AC53E0062C898 /* NoChannelViewController.swift */; };
		523BCDB920FABC8700318D64 /* SwipeViewController.swift in Sources */ = {isa = PBXBuildFile; fileRef = 523BCDB820FABC8700318D64 /* SwipeViewController.swift */; };
		52411EE82067236F00B3E78E /* AppDelegate.swift in Sources */ = {isa = PBXBuildFile; fileRef = 52411EE72067236F00B3E78E /* AppDelegate.swift */; };
		52411EEA2067236F00B3E78E /* WelcomeViewController.swift in Sources */ = {isa = PBXBuildFile; fileRef = 52411EE92067236F00B3E78E /* WelcomeViewController.swift */; };
		52411EED2067236F00B3E78E /* Main.storyboard in Resources */ = {isa = PBXBuildFile; fileRef = 52411EEB2067236F00B3E78E /* Main.storyboard */; };
		52411EF22067236F00B3E78E /* LaunchScreen.storyboard in Resources */ = {isa = PBXBuildFile; fileRef = 52411EF02067236F00B3E78E /* LaunchScreen.storyboard */; };
		52411EFA206BE6DA00B3E78E /* Arciform.otf in Resources */ = {isa = PBXBuildFile; fileRef = 52411EF9206BE6DA00B3E78E /* Arciform.otf */; };
		524AAE4822DA7ED9000AD856 /* Assets.xcassets in Resources */ = {isa = PBXBuildFile; fileRef = 524AAE4722DA7ED9000AD856 /* Assets.xcassets */; };
		525D90DD20A874D000095036 /* ChallengeViewController.swift in Sources */ = {isa = PBXBuildFile; fileRef = 525D90DC20A874D000095036 /* ChallengeViewController.swift */; };
		525D90DF20A88C9800095036 /* ChallengeTableViewCell.swift in Sources */ = {isa = PBXBuildFile; fileRef = 525D90DE20A88C9800095036 /* ChallengeTableViewCell.swift */; };
		525D90E120AA4C7B00095036 /* MobileNumberViewController.swift in Sources */ = {isa = PBXBuildFile; fileRef = 525D90E020AA4C7B00095036 /* MobileNumberViewController.swift */; };
		525D90E320AD004900095036 /* CountryCodes.json in Resources */ = {isa = PBXBuildFile; fileRef = 525D90E220AD004900095036 /* CountryCodes.json */; };
		5269A38022D150B600231F5B /* Utility.swift in Sources */ = {isa = PBXBuildFile; fileRef = 5269A37F22D150B600231F5B /* Utility.swift */; };
		5269A38222D16A3600231F5B /* NotificationViewController.swift in Sources */ = {isa = PBXBuildFile; fileRef = 5269A38122D16A3600231F5B /* NotificationViewController.swift */; };
		5269A38422D16D0600231F5B /* CreateChannelStep1ViewController.swift in Sources */ = {isa = PBXBuildFile; fileRef = 5269A38322D16D0600231F5B /* CreateChannelStep1ViewController.swift */; };
		5269A38622D2553600231F5B /* ChannelTableViewCell.swift in Sources */ = {isa = PBXBuildFile; fileRef = 5269A38522D2553600231F5B /* ChannelTableViewCell.swift */; };
		5269A38822D67E1200231F5B /* StorageService.swift in Sources */ = {isa = PBXBuildFile; fileRef = 5269A38722D67E1200231F5B /* StorageService.swift */; };
		526CFA0623081F940033DAA0 /* ChannelDetailSectionHeaderView.swift in Sources */ = {isa = PBXBuildFile; fileRef = 526CFA0523081F940033DAA0 /* ChannelDetailSectionHeaderView.swift */; };
		526CFA08230DB1770033DAA0 /* ChannelSettingsViewController.swift in Sources */ = {isa = PBXBuildFile; fileRef = 526CFA07230DB1770033DAA0 /* ChannelSettingsViewController.swift */; };
		526CFA0B230DD3610033DAA0 /* ChannelDetailStoryHeaderView.swift in Sources */ = {isa = PBXBuildFile; fileRef = 526CFA09230DD3610033DAA0 /* ChannelDetailStoryHeaderView.swift */; };
		526CFA0C230DD3610033DAA0 /* ChannelDetailStoryHeaderView.xib in Resources */ = {isa = PBXBuildFile; fileRef = 526CFA0A230DD3610033DAA0 /* ChannelDetailStoryHeaderView.xib */; };
		5271340A20D9A0020036EA36 /* BrandColours.swift in Sources */ = {isa = PBXBuildFile; fileRef = 5271340920D9A0020036EA36 /* BrandColours.swift */; };
		5271340F20DC19180036EA36 /* ChannelDetailCollectionViewCell.swift in Sources */ = {isa = PBXBuildFile; fileRef = 5271340D20DC19180036EA36 /* ChannelDetailCollectionViewCell.swift */; };
		52718B9A232A378400DFC6C4 /* ChannelDetailsDoubleImageCollectionViewCell.swift in Sources */ = {isa = PBXBuildFile; fileRef = 52718B99232A378400DFC6C4 /* ChannelDetailsDoubleImageCollectionViewCell.swift */; };
		52718B9C232A379100DFC6C4 /* ChannelDetailsTrippleImageCollectionViewCell.swift in Sources */ = {isa = PBXBuildFile; fileRef = 52718B9B232A379100DFC6C4 /* ChannelDetailsTrippleImageCollectionViewCell.swift */; };
		52718B9E232A37A900DFC6C4 /* ChannelDetailsQuadImageCollectionViewCell.swift in Sources */ = {isa = PBXBuildFile; fileRef = 52718B9D232A37A900DFC6C4 /* ChannelDetailsQuadImageCollectionViewCell.swift */; };
		52718BA0232A3B3700DFC6C4 /* ChannelDetailSingleImageCollectionViewCell.swift in Sources */ = {isa = PBXBuildFile; fileRef = 52718B9F232A3B3700DFC6C4 /* ChannelDetailSingleImageCollectionViewCell.swift */; };
		52718BA2232A535200DFC6C4 /* CategoriesDetailsViewController.swift in Sources */ = {isa = PBXBuildFile; fileRef = 52718BA1232A535200DFC6C4 /* CategoriesDetailsViewController.swift */; };
		52718BA4232B53C900DFC6C4 /* UIView+Border.swift in Sources */ = {isa = PBXBuildFile; fileRef = 52718BA3232B53C900DFC6C4 /* UIView+Border.swift */; };
		52718BAA232B5DAD00DFC6C4 /* Date+Utils.swift in Sources */ = {isa = PBXBuildFile; fileRef = 52718BA9232B5DAD00DFC6C4 /* Date+Utils.swift */; };
		52718BAC232B884300DFC6C4 /* SVProgressHUDUtils.swift in Sources */ = {isa = PBXBuildFile; fileRef = 52718BAB232B884300DFC6C4 /* SVProgressHUDUtils.swift */; };
		52718BB4232CC9CA00DFC6C4 /* PhoneContacts.swift in Sources */ = {isa = PBXBuildFile; fileRef = 52718BB3232CC9CA00DFC6C4 /* PhoneContacts.swift */; };
		52718BB8232D1B6300DFC6C4 /* PhoneNumberViewController.swift in Sources */ = {isa = PBXBuildFile; fileRef = 52718BB7232D1B6300DFC6C4 /* PhoneNumberViewController.swift */; };
		527EA01E207EBF5D00EA2F18 /* CameraViewController.swift in Sources */ = {isa = PBXBuildFile; fileRef = 527EA01D207EBF5D00EA2F18 /* CameraViewController.swift */; };
		527F614E20D0876700DDA988 /* UserChannelApi.swift in Sources */ = {isa = PBXBuildFile; fileRef = 527F614D20D0876700DDA988 /* UserChannelApi.swift */; };
		5289F6A022EC6EB500A85573 /* ImageCollectionViewCell.swift in Sources */ = {isa = PBXBuildFile; fileRef = 5289F69F22EC6EB500A85573 /* ImageCollectionViewCell.swift */; };
		5289F6A222EC787E00A85573 /* ImageViewControllerBackup.swift in Sources */ = {isa = PBXBuildFile; fileRef = 5289F6A122EC787E00A85573 /* ImageViewControllerBackup.swift */; };
		528C9D1522C29DDF00839EBD /* Ref.swift in Sources */ = {isa = PBXBuildFile; fileRef = 528C9D1422C29DDF00839EBD /* Ref.swift */; };
		528C9D1722C562EA00839EBD /* LoginViewController.swift in Sources */ = {isa = PBXBuildFile; fileRef = 528C9D1622C562EA00839EBD /* LoginViewController.swift */; };
		528C9D1922C5630000839EBD /* SignUpStep1ViewController.swift in Sources */ = {isa = PBXBuildFile; fileRef = 528C9D1822C5630000839EBD /* SignUpStep1ViewController.swift */; };
		528C9D1B22C5686300839EBD /* Extension.swift in Sources */ = {isa = PBXBuildFile; fileRef = 528C9D1A22C5686300839EBD /* Extension.swift */; };
		528C9D1D22C774D500839EBD /* SignUpStep3ViewController.swift in Sources */ = {isa = PBXBuildFile; fileRef = 528C9D1C22C774D500839EBD /* SignUpStep3ViewController.swift */; };
		528C9D1F22C7873600839EBD /* ForgotPasswordViewController.swift in Sources */ = {isa = PBXBuildFile; fileRef = 528C9D1E22C7873600839EBD /* ForgotPasswordViewController.swift */; };
		528C9D2122CAA25B00839EBD /* SignUpStep2ViewController.swift in Sources */ = {isa = PBXBuildFile; fileRef = 528C9D2022CAA25B00839EBD /* SignUpStep2ViewController.swift */; };
		528C9D2322CAA28600839EBD /* SignUpStep4ViewController.swift in Sources */ = {isa = PBXBuildFile; fileRef = 528C9D2222CAA28600839EBD /* SignUpStep4ViewController.swift */; };
		5296A329208523D400A5F2A8 /* UIView.swift in Sources */ = {isa = PBXBuildFile; fileRef = 5296A328208523D400A5F2A8 /* UIView.swift */; };
		529CB4FA20742328003DE1CE /* SettingsViewController.swift in Sources */ = {isa = PBXBuildFile; fileRef = 529CB4F920742328003DE1CE /* SettingsViewController.swift */; };
		529D15F22078D02E0085115B /* AuthService.swift in Sources */ = {isa = PBXBuildFile; fileRef = 529D15F12078D02E0085115B /* AuthService.swift */; };
		529D15F42078D1E30085115B /* User.swift in Sources */ = {isa = PBXBuildFile; fileRef = 529D15F32078D1E30085115B /* User.swift */; };
		529D15F62078E21D0085115B /* Api.swift in Sources */ = {isa = PBXBuildFile; fileRef = 529D15F52078E21D0085115B /* Api.swift */; };
		529D15F82078E23F0085115B /* UserApi.swift in Sources */ = {isa = PBXBuildFile; fileRef = 529D15F72078E23F0085115B /* UserApi.swift */; };
		52A2FA0B22E653B400D7AAD9 /* ChannelPost.swift in Sources */ = {isa = PBXBuildFile; fileRef = 52A2FA0A22E653B400D7AAD9 /* ChannelPost.swift */; };
		52A2FA0D22EB6F5F00D7AAD9 /* ImageViewController.swift in Sources */ = {isa = PBXBuildFile; fileRef = 52A2FA0C22EB6F5F00D7AAD9 /* ImageViewController.swift */; };
		52B0C2DE20D5D3EC000A8AED /* Channel_Detail.storyboard in Resources */ = {isa = PBXBuildFile; fileRef = 52B0C2DD20D5D3EC000A8AED /* Channel_Detail.storyboard */; };
		52B0C2E020D98DC1000A8AED /* ChannelDetailViewController.swift in Sources */ = {isa = PBXBuildFile; fileRef = 52B0C2DF20D98DC1000A8AED /* ChannelDetailViewController.swift */; };
		52B31EF920C720100089C373 /* CreateChannelStep2ViewController.swift in Sources */ = {isa = PBXBuildFile; fileRef = 52B31EF820C720100089C373 /* CreateChannelStep2ViewController.swift */; };
		52B31EFB20C726CE0089C373 /* Settings.storyboard in Resources */ = {isa = PBXBuildFile; fileRef = 52B31EFA20C726CE0089C373 /* Settings.storyboard */; };
		52B3311C2333E5020064DD16 /* String+Unils.swift in Sources */ = {isa = PBXBuildFile; fileRef = 52B3311B2333E5020064DD16 /* String+Unils.swift */; };
		52B88689208381E80066D116 /* ButtonSettings.swift in Sources */ = {isa = PBXBuildFile; fileRef = 52B88688208381E80066D116 /* ButtonSettings.swift */; };
		52BE7498208E54E1005414B5 /* SelectParticipantsViewController.swift in Sources */ = {isa = PBXBuildFile; fileRef = 52BE7497208E54E1005414B5 /* SelectParticipantsViewController.swift */; };
		52BE749C208FAC83005414B5 /* ContactsModel.swift in Sources */ = {isa = PBXBuildFile; fileRef = 52BE749B208FAC83005414B5 /* ContactsModel.swift */; };
		52C0B092209395A2009B8206 /* CreateChannelStep1TableViewCell.swift in Sources */ = {isa = PBXBuildFile; fileRef = 52C0B091209395A2009B8206 /* CreateChannelStep1TableViewCell.swift */; };
		52C4DC692313412200B92EBD /* SendPushNotification.swift in Sources */ = {isa = PBXBuildFile; fileRef = 52C4DC682313412200B92EBD /* SendPushNotification.swift */; };
		52C7B336209CF6520060F222 /* ColourPalette.swift in Sources */ = {isa = PBXBuildFile; fileRef = 52C7B335209CF6520060F222 /* ColourPalette.swift */; };
		52D5D11520BA2BBE00965A17 /* BorderView.swift in Sources */ = {isa = PBXBuildFile; fileRef = 52D5D11420BA2BBE00965A17 /* BorderView.swift */; };
		52D5D11720BA358A00965A17 /* Camera.storyboard in Resources */ = {isa = PBXBuildFile; fileRef = 52D5D11620BA358A00965A17 /* Camera.storyboard */; };
		52E1339120CB46A30057F922 /* ChannelApi.swift in Sources */ = {isa = PBXBuildFile; fileRef = 52E1339020CB46A30057F922 /* ChannelApi.swift */; };
		52E3E27D22D1167900F40F7C /* ChannelBackupViewController.swift in Sources */ = {isa = PBXBuildFile; fileRef = 52E3E27C22D1167900F40F7C /* ChannelBackupViewController.swift */; };
		52EA3EAB23351C9600CE19F4 /* StoryCollectionViewCell.swift in Sources */ = {isa = PBXBuildFile; fileRef = 52EA3EAA23351C9600CE19F4 /* StoryCollectionViewCell.swift */; };
		52F794982323B07100E320AE /* GoogleService-Info.plist in Resources */ = {isa = PBXBuildFile; fileRef = 52F794972323B07100E320AE /* GoogleService-Info.plist */; };
		836ADBCA536588C207E17524 /* Pods_Sapnin.framework in Frameworks */ = {isa = PBXBuildFile; fileRef = C69CAF9E62816387F5103D5C /* Pods_Sapnin.framework */; };
/* End PBXBuildFile section */

/* Begin PBXFileReference section */
		32AE9FB8E36E7562B4B1BC30 /* Pods-Sapnin.debug.xcconfig */ = {isa = PBXFileReference; includeInIndex = 1; lastKnownFileType = text.xcconfig; name = "Pods-Sapnin.debug.xcconfig"; path = "Pods/Target Support Files/Pods-Sapnin/Pods-Sapnin.debug.xcconfig"; sourceTree = "<group>"; };
		520AE332232DC8A80087EDC2 /* BroadcastViewController.swift */ = {isa = PBXFileReference; lastKnownFileType = sourcecode.swift; path = BroadcastViewController.swift; sourceTree = "<group>"; };
		520AE334232DD0050087EDC2 /* BroadcastTableViewCell.swift */ = {isa = PBXFileReference; lastKnownFileType = sourcecode.swift; path = BroadcastTableViewCell.swift; sourceTree = "<group>"; };
		520AE336232E57060087EDC2 /* SelectChannelViewController.swift */ = {isa = PBXFileReference; lastKnownFileType = sourcecode.swift; path = SelectChannelViewController.swift; sourceTree = "<group>"; };
		520AE338232E6D950087EDC2 /* SelectChannelTableViewCell.swift */ = {isa = PBXFileReference; lastKnownFileType = sourcecode.swift; path = SelectChannelTableViewCell.swift; sourceTree = "<group>"; };
		521821F120AF6806009F8FD5 /* StoriesViewController.swift */ = {isa = PBXFileReference; lastKnownFileType = sourcecode.swift; path = StoriesViewController.swift; sourceTree = "<group>"; };
		521821F320AF9E9A009F8FD5 /* LeaderboardViewController.swift */ = {isa = PBXFileReference; lastKnownFileType = sourcecode.swift; path = LeaderboardViewController.swift; sourceTree = "<group>"; };
		52182DE720BDCA560049FFB3 /* Channel.storyboard */ = {isa = PBXFileReference; lastKnownFileType = file.storyboard; path = Channel.storyboard; sourceTree = "<group>"; };
		522018922082DF00004AB74F /* PreviewViewController.swift */ = {isa = PBXFileReference; lastKnownFileType = sourcecode.swift; path = PreviewViewController.swift; sourceTree = "<group>"; };
		5225F9AC20B2284A00D95B8A /* UIImageViewWithMask.swift */ = {isa = PBXFileReference; lastKnownFileType = sourcecode.swift; path = UIImageViewWithMask.swift; sourceTree = "<group>"; };
		5225F9AE20B2390100D95B8A /* ChannelTableViewCellArchive.swift */ = {isa = PBXFileReference; lastKnownFileType = sourcecode.swift; path = ChannelTableViewCellArchive.swift; sourceTree = "<group>"; };
		5225F9B020B2459900D95B8A /* ChannelViewController.swift */ = {isa = PBXFileReference; lastKnownFileType = sourcecode.swift; path = ChannelViewController.swift; sourceTree = "<group>"; };
		5225F9B220B763D600D95B8A /* VoteViewController.swift */ = {isa = PBXFileReference; lastKnownFileType = sourcecode.swift; path = VoteViewController.swift; sourceTree = "<group>"; };
		522F0A0C20D418B20072A63E /* Channel.swift */ = {isa = PBXFileReference; lastKnownFileType = sourcecode.swift; path = Channel.swift; sourceTree = "<group>"; };
		523024F621026E220091AE52 /* ChannelPostApi.swift */ = {isa = PBXFileReference; lastKnownFileType = sourcecode.swift; path = ChannelPostApi.swift; sourceTree = "<group>"; };
		523024F8210273C60091AE52 /* PostApi.swift */ = {isa = PBXFileReference; lastKnownFileType = sourcecode.swift; path = PostApi.swift; sourceTree = "<group>"; };
		52386CF7208AC53E0062C898 /* NoChannelViewController.swift */ = {isa = PBXFileReference; lastKnownFileType = sourcecode.swift; path = NoChannelViewController.swift; sourceTree = "<group>"; };
		523BCDB820FABC8700318D64 /* SwipeViewController.swift */ = {isa = PBXFileReference; lastKnownFileType = sourcecode.swift; path = SwipeViewController.swift; sourceTree = "<group>"; };
		52411EE42067236F00B3E78E /* Sapnin.app */ = {isa = PBXFileReference; explicitFileType = wrapper.application; includeInIndex = 0; path = Sapnin.app; sourceTree = BUILT_PRODUCTS_DIR; };
		52411EE72067236F00B3E78E /* AppDelegate.swift */ = {isa = PBXFileReference; lastKnownFileType = sourcecode.swift; path = AppDelegate.swift; sourceTree = "<group>"; };
		52411EE92067236F00B3E78E /* WelcomeViewController.swift */ = {isa = PBXFileReference; lastKnownFileType = sourcecode.swift; path = WelcomeViewController.swift; sourceTree = "<group>"; };
		52411EEC2067236F00B3E78E /* Base */ = {isa = PBXFileReference; lastKnownFileType = file.storyboard; name = Base; path = Base.lproj/Main.storyboard; sourceTree = "<group>"; };
		52411EF12067236F00B3E78E /* Base */ = {isa = PBXFileReference; lastKnownFileType = file.storyboard; name = Base; path = Base.lproj/LaunchScreen.storyboard; sourceTree = "<group>"; };
		52411EF32067236F00B3E78E /* Info.plist */ = {isa = PBXFileReference; lastKnownFileType = text.plist.xml; path = Info.plist; sourceTree = "<group>"; };
		52411EF9206BE6DA00B3E78E /* Arciform.otf */ = {isa = PBXFileReference; lastKnownFileType = file; path = Arciform.otf; sourceTree = "<group>"; };
		524AAE4722DA7ED9000AD856 /* Assets.xcassets */ = {isa = PBXFileReference; lastKnownFileType = folder.assetcatalog; path = Assets.xcassets; sourceTree = "<group>"; };
		525D90DC20A874D000095036 /* ChallengeViewController.swift */ = {isa = PBXFileReference; lastKnownFileType = sourcecode.swift; path = ChallengeViewController.swift; sourceTree = "<group>"; };
		525D90DE20A88C9800095036 /* ChallengeTableViewCell.swift */ = {isa = PBXFileReference; lastKnownFileType = sourcecode.swift; path = ChallengeTableViewCell.swift; sourceTree = "<group>"; };
		525D90E020AA4C7B00095036 /* MobileNumberViewController.swift */ = {isa = PBXFileReference; lastKnownFileType = sourcecode.swift; path = MobileNumberViewController.swift; sourceTree = "<group>"; };
		525D90E220AD004900095036 /* CountryCodes.json */ = {isa = PBXFileReference; lastKnownFileType = text.json; path = CountryCodes.json; sourceTree = "<group>"; };
		5269A37F22D150B600231F5B /* Utility.swift */ = {isa = PBXFileReference; lastKnownFileType = sourcecode.swift; path = Utility.swift; sourceTree = "<group>"; };
		5269A38122D16A3600231F5B /* NotificationViewController.swift */ = {isa = PBXFileReference; lastKnownFileType = sourcecode.swift; path = NotificationViewController.swift; sourceTree = "<group>"; };
		5269A38322D16D0600231F5B /* CreateChannelStep1ViewController.swift */ = {isa = PBXFileReference; lastKnownFileType = sourcecode.swift; path = CreateChannelStep1ViewController.swift; sourceTree = "<group>"; };
		5269A38522D2553600231F5B /* ChannelTableViewCell.swift */ = {isa = PBXFileReference; lastKnownFileType = sourcecode.swift; path = ChannelTableViewCell.swift; sourceTree = "<group>"; };
		5269A38722D67E1200231F5B /* StorageService.swift */ = {isa = PBXFileReference; lastKnownFileType = sourcecode.swift; path = StorageService.swift; sourceTree = "<group>"; };
		526CFA0523081F940033DAA0 /* ChannelDetailSectionHeaderView.swift */ = {isa = PBXFileReference; lastKnownFileType = sourcecode.swift; path = ChannelDetailSectionHeaderView.swift; sourceTree = "<group>"; };
		526CFA07230DB1770033DAA0 /* ChannelSettingsViewController.swift */ = {isa = PBXFileReference; lastKnownFileType = sourcecode.swift; path = ChannelSettingsViewController.swift; sourceTree = "<group>"; };
		526CFA09230DD3610033DAA0 /* ChannelDetailStoryHeaderView.swift */ = {isa = PBXFileReference; lastKnownFileType = sourcecode.swift; path = ChannelDetailStoryHeaderView.swift; sourceTree = "<group>"; };
		526CFA0A230DD3610033DAA0 /* ChannelDetailStoryHeaderView.xib */ = {isa = PBXFileReference; lastKnownFileType = file.xib; path = ChannelDetailStoryHeaderView.xib; sourceTree = "<group>"; };
		526CFA0D23132E750033DAA0 /* Sapnin.entitlements */ = {isa = PBXFileReference; lastKnownFileType = text.plist.entitlements; path = Sapnin.entitlements; sourceTree = "<group>"; };
		5271340920D9A0020036EA36 /* BrandColours.swift */ = {isa = PBXFileReference; lastKnownFileType = sourcecode.swift; path = BrandColours.swift; sourceTree = "<group>"; };
		5271340D20DC19180036EA36 /* ChannelDetailCollectionViewCell.swift */ = {isa = PBXFileReference; lastKnownFileType = sourcecode.swift; path = ChannelDetailCollectionViewCell.swift; sourceTree = "<group>"; };
		52718B99232A378400DFC6C4 /* ChannelDetailsDoubleImageCollectionViewCell.swift */ = {isa = PBXFileReference; lastKnownFileType = sourcecode.swift; path = ChannelDetailsDoubleImageCollectionViewCell.swift; sourceTree = "<group>"; };
		52718B9B232A379100DFC6C4 /* ChannelDetailsTrippleImageCollectionViewCell.swift */ = {isa = PBXFileReference; lastKnownFileType = sourcecode.swift; path = ChannelDetailsTrippleImageCollectionViewCell.swift; sourceTree = "<group>"; };
		52718B9D232A37A900DFC6C4 /* ChannelDetailsQuadImageCollectionViewCell.swift */ = {isa = PBXFileReference; lastKnownFileType = sourcecode.swift; path = ChannelDetailsQuadImageCollectionViewCell.swift; sourceTree = "<group>"; };
		52718B9F232A3B3700DFC6C4 /* ChannelDetailSingleImageCollectionViewCell.swift */ = {isa = PBXFileReference; lastKnownFileType = sourcecode.swift; path = ChannelDetailSingleImageCollectionViewCell.swift; sourceTree = "<group>"; };
		52718BA1232A535200DFC6C4 /* CategoriesDetailsViewController.swift */ = {isa = PBXFileReference; lastKnownFileType = sourcecode.swift; path = CategoriesDetailsViewController.swift; sourceTree = "<group>"; };
		52718BA3232B53C900DFC6C4 /* UIView+Border.swift */ = {isa = PBXFileReference; lastKnownFileType = sourcecode.swift; name = "UIView+Border.swift"; path = "../UIView+Border.swift"; sourceTree = "<group>"; };
		52718BA9232B5DAD00DFC6C4 /* Date+Utils.swift */ = {isa = PBXFileReference; lastKnownFileType = sourcecode.swift; path = "Date+Utils.swift"; sourceTree = "<group>"; };
		52718BAB232B884300DFC6C4 /* SVProgressHUDUtils.swift */ = {isa = PBXFileReference; lastKnownFileType = sourcecode.swift; path = SVProgressHUDUtils.swift; sourceTree = "<group>"; };
		52718BB3232CC9CA00DFC6C4 /* PhoneContacts.swift */ = {isa = PBXFileReference; lastKnownFileType = sourcecode.swift; path = PhoneContacts.swift; sourceTree = "<group>"; };
		52718BB7232D1B6300DFC6C4 /* PhoneNumberViewController.swift */ = {isa = PBXFileReference; lastKnownFileType = sourcecode.swift; path = PhoneNumberViewController.swift; sourceTree = "<group>"; };
		527EA01D207EBF5D00EA2F18 /* CameraViewController.swift */ = {isa = PBXFileReference; lastKnownFileType = sourcecode.swift; path = CameraViewController.swift; sourceTree = "<group>"; };
		527F614D20D0876700DDA988 /* UserChannelApi.swift */ = {isa = PBXFileReference; lastKnownFileType = sourcecode.swift; path = UserChannelApi.swift; sourceTree = "<group>"; };
		5289F69F22EC6EB500A85573 /* ImageCollectionViewCell.swift */ = {isa = PBXFileReference; lastKnownFileType = sourcecode.swift; path = ImageCollectionViewCell.swift; sourceTree = "<group>"; };
		5289F6A122EC787E00A85573 /* ImageViewControllerBackup.swift */ = {isa = PBXFileReference; lastKnownFileType = sourcecode.swift; path = ImageViewControllerBackup.swift; sourceTree = "<group>"; };
		528C9D1422C29DDF00839EBD /* Ref.swift */ = {isa = PBXFileReference; lastKnownFileType = sourcecode.swift; path = Ref.swift; sourceTree = "<group>"; };
		528C9D1622C562EA00839EBD /* LoginViewController.swift */ = {isa = PBXFileReference; lastKnownFileType = sourcecode.swift; path = LoginViewController.swift; sourceTree = "<group>"; };
		528C9D1822C5630000839EBD /* SignUpStep1ViewController.swift */ = {isa = PBXFileReference; lastKnownFileType = sourcecode.swift; path = SignUpStep1ViewController.swift; sourceTree = "<group>"; };
		528C9D1A22C5686300839EBD /* Extension.swift */ = {isa = PBXFileReference; lastKnownFileType = sourcecode.swift; path = Extension.swift; sourceTree = "<group>"; };
		528C9D1C22C774D500839EBD /* SignUpStep3ViewController.swift */ = {isa = PBXFileReference; lastKnownFileType = sourcecode.swift; path = SignUpStep3ViewController.swift; sourceTree = "<group>"; };
		528C9D1E22C7873600839EBD /* ForgotPasswordViewController.swift */ = {isa = PBXFileReference; lastKnownFileType = sourcecode.swift; path = ForgotPasswordViewController.swift; sourceTree = "<group>"; };
		528C9D2022CAA25B00839EBD /* SignUpStep2ViewController.swift */ = {isa = PBXFileReference; lastKnownFileType = sourcecode.swift; path = SignUpStep2ViewController.swift; sourceTree = "<group>"; };
		528C9D2222CAA28600839EBD /* SignUpStep4ViewController.swift */ = {isa = PBXFileReference; lastKnownFileType = sourcecode.swift; path = SignUpStep4ViewController.swift; sourceTree = "<group>"; };
		5296A328208523D400A5F2A8 /* UIView.swift */ = {isa = PBXFileReference; lastKnownFileType = sourcecode.swift; path = UIView.swift; sourceTree = "<group>"; };
		529CB4F920742328003DE1CE /* SettingsViewController.swift */ = {isa = PBXFileReference; lastKnownFileType = sourcecode.swift; path = SettingsViewController.swift; sourceTree = "<group>"; };
		529D15F12078D02E0085115B /* AuthService.swift */ = {isa = PBXFileReference; lastKnownFileType = sourcecode.swift; path = AuthService.swift; sourceTree = "<group>"; };
		529D15F32078D1E30085115B /* User.swift */ = {isa = PBXFileReference; lastKnownFileType = sourcecode.swift; path = User.swift; sourceTree = "<group>"; };
		529D15F52078E21D0085115B /* Api.swift */ = {isa = PBXFileReference; lastKnownFileType = sourcecode.swift; path = Api.swift; sourceTree = "<group>"; };
		529D15F72078E23F0085115B /* UserApi.swift */ = {isa = PBXFileReference; lastKnownFileType = sourcecode.swift; path = UserApi.swift; sourceTree = "<group>"; };
		52A2FA0A22E653B400D7AAD9 /* ChannelPost.swift */ = {isa = PBXFileReference; lastKnownFileType = sourcecode.swift; path = ChannelPost.swift; sourceTree = "<group>"; };
		52A2FA0C22EB6F5F00D7AAD9 /* ImageViewController.swift */ = {isa = PBXFileReference; lastKnownFileType = sourcecode.swift; path = ImageViewController.swift; sourceTree = "<group>"; };
		52AFD4F620BDAAAF0039559A /* Roboto-Regular.ttf */ = {isa = PBXFileReference; lastKnownFileType = file; path = "Roboto-Regular.ttf"; sourceTree = "<group>"; };
		52AFD4F720BDAAB10039559A /* Roboto-Bold.ttf */ = {isa = PBXFileReference; lastKnownFileType = file; path = "Roboto-Bold.ttf"; sourceTree = "<group>"; };
		52AFD4F820BDAAB30039559A /* Roboto-Light.ttf */ = {isa = PBXFileReference; lastKnownFileType = file; path = "Roboto-Light.ttf"; sourceTree = "<group>"; };
		52B0C2DD20D5D3EC000A8AED /* Channel_Detail.storyboard */ = {isa = PBXFileReference; lastKnownFileType = file.storyboard; path = Channel_Detail.storyboard; sourceTree = "<group>"; };
		52B0C2DF20D98DC1000A8AED /* ChannelDetailViewController.swift */ = {isa = PBXFileReference; lastKnownFileType = sourcecode.swift; path = ChannelDetailViewController.swift; sourceTree = "<group>"; };
		52B31EF820C720100089C373 /* CreateChannelStep2ViewController.swift */ = {isa = PBXFileReference; fileEncoding = 4; lastKnownFileType = sourcecode.swift; path = CreateChannelStep2ViewController.swift; sourceTree = "<group>"; };
		52B31EFA20C726CE0089C373 /* Settings.storyboard */ = {isa = PBXFileReference; lastKnownFileType = file.storyboard; path = Settings.storyboard; sourceTree = "<group>"; };
		52B3311B2333E5020064DD16 /* String+Unils.swift */ = {isa = PBXFileReference; lastKnownFileType = sourcecode.swift; path = "String+Unils.swift"; sourceTree = "<group>"; };
		52B88688208381E80066D116 /* ButtonSettings.swift */ = {isa = PBXFileReference; lastKnownFileType = sourcecode.swift; path = ButtonSettings.swift; sourceTree = "<group>"; };
		52BE7497208E54E1005414B5 /* SelectParticipantsViewController.swift */ = {isa = PBXFileReference; lastKnownFileType = sourcecode.swift; path = SelectParticipantsViewController.swift; sourceTree = "<group>"; };
		52BE749B208FAC83005414B5 /* ContactsModel.swift */ = {isa = PBXFileReference; lastKnownFileType = sourcecode.swift; path = ContactsModel.swift; sourceTree = "<group>"; };
		52C0B091209395A2009B8206 /* CreateChannelStep1TableViewCell.swift */ = {isa = PBXFileReference; lastKnownFileType = sourcecode.swift; path = CreateChannelStep1TableViewCell.swift; sourceTree = "<group>"; };
		52C4DC682313412200B92EBD /* SendPushNotification.swift */ = {isa = PBXFileReference; lastKnownFileType = sourcecode.swift; path = SendPushNotification.swift; sourceTree = "<group>"; };
		52C7B335209CF6520060F222 /* ColourPalette.swift */ = {isa = PBXFileReference; lastKnownFileType = sourcecode.swift; path = ColourPalette.swift; sourceTree = "<group>"; };
		52D5D11420BA2BBE00965A17 /* BorderView.swift */ = {isa = PBXFileReference; lastKnownFileType = sourcecode.swift; path = BorderView.swift; sourceTree = "<group>"; };
		52D5D11620BA358A00965A17 /* Camera.storyboard */ = {isa = PBXFileReference; lastKnownFileType = file.storyboard; path = Camera.storyboard; sourceTree = "<group>"; };
		52E1339020CB46A30057F922 /* ChannelApi.swift */ = {isa = PBXFileReference; lastKnownFileType = sourcecode.swift; path = ChannelApi.swift; sourceTree = "<group>"; };
		52E3E27C22D1167900F40F7C /* ChannelBackupViewController.swift */ = {isa = PBXFileReference; lastKnownFileType = sourcecode.swift; path = ChannelBackupViewController.swift; sourceTree = "<group>"; };
		52EA3EAA23351C9600CE19F4 /* StoryCollectionViewCell.swift */ = {isa = PBXFileReference; lastKnownFileType = sourcecode.swift; path = StoryCollectionViewCell.swift; sourceTree = "<group>"; };
		52F794972323B07100E320AE /* GoogleService-Info.plist */ = {isa = PBXFileReference; fileEncoding = 4; lastKnownFileType = text.plist.xml; path = "GoogleService-Info.plist"; sourceTree = "<group>"; };
		C69CAF9E62816387F5103D5C /* Pods_Sapnin.framework */ = {isa = PBXFileReference; explicitFileType = wrapper.framework; includeInIndex = 0; path = Pods_Sapnin.framework; sourceTree = BUILT_PRODUCTS_DIR; };
		E242AD206F731ED159FC4D83 /* Pods-Sapnin.release.xcconfig */ = {isa = PBXFileReference; includeInIndex = 1; lastKnownFileType = text.xcconfig; name = "Pods-Sapnin.release.xcconfig"; path = "Pods/Target Support Files/Pods-Sapnin/Pods-Sapnin.release.xcconfig"; sourceTree = "<group>"; };
/* End PBXFileReference section */

/* Begin PBXFrameworksBuildPhase section */
		52411EE12067236F00B3E78E /* Frameworks */ = {
			isa = PBXFrameworksBuildPhase;
			buildActionMask = 2147483647;
			files = (
				836ADBCA536588C207E17524 /* Pods_Sapnin.framework in Frameworks */,
			);
			runOnlyForDeploymentPostprocessing = 0;
		};
/* End PBXFrameworksBuildPhase section */

/* Begin PBXGroup section */
		521579FD233F631A00467567 /* Animation */ = {
			isa = PBXGroup;
			children = (
				521579FE233F631A00467567 /* ZoomTransitionController.swift */,
				521579FF233F631A00467567 /* ZoomDismissalInteractionController.swift */,
				52157A00233F631A00467567 /* ZoomAnimator.swift */,
			);
			path = Animation;
			sourceTree = "<group>";
		};
		52157A08233F688600467567 /* New Group */ = {
			isa = PBXGroup;
			children = (
				52157A04233F688300467567 /* PhotoPageContainerViewController.swift */,
				52157A05233F688400467567 /* PhotoZoomViewController.swift */,
			);
			path = "New Group";
			sourceTree = "<group>";
		};
		52411EDB2067236F00B3E78E = {
			isa = PBXGroup;
			children = (
				52411EE62067236F00B3E78E /* Sapnin */,
				52411EE52067236F00B3E78E /* Products */,
				CC4877C8E63333A88501439E /* Pods */,
				D297B601CF91B6903EED6B4C /* Frameworks */,
			);
			sourceTree = "<group>";
		};
		52411EE52067236F00B3E78E /* Products */ = {
			isa = PBXGroup;
			children = (
				52411EE42067236F00B3E78E /* Sapnin.app */,
			);
			name = Products;
			sourceTree = "<group>";
		};
		52411EE62067236F00B3E78E /* Sapnin */ = {
			isa = PBXGroup;
			children = (
				521579FD233F631A00467567 /* Animation */,
				52718BB2232CC9B300DFC6C4 /* Contacts */,
				52718BA7232B5D9500DFC6C4 /* Extensions */,
				52F794972323B07100E320AE /* GoogleService-Info.plist */,
				526CFA0D23132E750033DAA0 /* Sapnin.entitlements */,
				525D90E220AD004900095036 /* CountryCodes.json */,
				52411EE72067236F00B3E78E /* AppDelegate.swift */,
				5271340920D9A0020036EA36 /* BrandColours.swift */,
				529D15F02078D0170085115B /* API */,
				52411EFC206BEE6700B3E78E /* Model */,
				52411EFD206BEE8B00B3E78E /* View */,
				52411EFE206BEE9500B3E78E /* Controller */,
				5296A32B208524BD00A5F2A8 /* Utility */,
				528C9D1322C1785700839EBD /* Archive */,
				52AFD4F520BA3D8F0039559A /* Storyboards */,
				52411EF02067236F00B3E78E /* LaunchScreen.storyboard */,
				52411EF32067236F00B3E78E /* Info.plist */,
				524AAE4722DA7ED9000AD856 /* Assets.xcassets */,
				52411EFB206BE6E600B3E78E /* Fonts */,
			);
			path = Sapnin;
			sourceTree = "<group>";
		};
		52411EFB206BE6E600B3E78E /* Fonts */ = {
			isa = PBXGroup;
			children = (
				52AFD4F720BDAAB10039559A /* Roboto-Bold.ttf */,
				52AFD4F820BDAAB30039559A /* Roboto-Light.ttf */,
				52AFD4F620BDAAAF0039559A /* Roboto-Regular.ttf */,
				52411EF9206BE6DA00B3E78E /* Arciform.otf */,
			);
			path = Fonts;
			sourceTree = "<group>";
		};
		52411EFC206BEE6700B3E78E /* Model */ = {
			isa = PBXGroup;
			children = (
				529D15F32078D1E30085115B /* User.swift */,
				522F0A0C20D418B20072A63E /* Channel.swift */,
				52A2FA0A22E653B400D7AAD9 /* ChannelPost.swift */,
			);
			path = Model;
			sourceTree = "<group>";
		};
		52411EFD206BEE8B00B3E78E /* View */ = {
			isa = PBXGroup;
			children = (
				52C0B091209395A2009B8206 /* CreateChannelStep1TableViewCell.swift */,
				525D90DE20A88C9800095036 /* ChallengeTableViewCell.swift */,
				5271340D20DC19180036EA36 /* ChannelDetailCollectionViewCell.swift */,
				526CFA0523081F940033DAA0 /* ChannelDetailSectionHeaderView.swift */,
				526CFA09230DD3610033DAA0 /* ChannelDetailStoryHeaderView.swift */,
				526CFA0A230DD3610033DAA0 /* ChannelDetailStoryHeaderView.xib */,
				5289F69F22EC6EB500A85573 /* ImageCollectionViewCell.swift */,
				5269A38522D2553600231F5B /* ChannelTableViewCell.swift */,

				52718B99232A378400DFC6C4 /* ChannelDetailsDoubleImageCollectionViewCell.swift */,
				52718B9B232A379100DFC6C4 /* ChannelDetailsTrippleImageCollectionViewCell.swift */,
				52718B9D232A37A900DFC6C4 /* ChannelDetailsQuadImageCollectionViewCell.swift */,
				52718B9F232A3B3700DFC6C4 /* ChannelDetailSingleImageCollectionViewCell.swift */,
				52EA3EAA23351C9600CE19F4 /* StoryCollectionViewCell.swift */,
				520AE334232DD0050087EDC2 /* BroadcastTableViewCell.swift */,
				520AE338232E6D950087EDC2 /* SelectChannelTableViewCell.swift */,
			);
			path = View;
			sourceTree = "<group>";
		};
		52411EFE206BEE9500B3E78E /* Controller */ = {
			isa = PBXGroup;
			children = (
				52157A08233F688600467567 /* New Group */,
				52E3E27922D0DDE500F40F7C /* Login & Register */,
				5225F9B020B2459900D95B8A /* ChannelViewController.swift */,
				52B0C2DF20D98DC1000A8AED /* ChannelDetailViewController.swift */,
				52A2FA0C22EB6F5F00D7AAD9 /* ImageViewController.swift */,
				522018922082DF00004AB74F /* PreviewViewController.swift */,
				5269A38322D16D0600231F5B /* CreateChannelStep1ViewController.swift */,
				52B31EF820C720100089C373 /* CreateChannelStep2ViewController.swift */,
				529CB4F920742328003DE1CE /* SettingsViewController.swift */,
				527EA01D207EBF5D00EA2F18 /* CameraViewController.swift */,
				521821F120AF6806009F8FD5 /* StoriesViewController.swift */,
				5269A38122D16A3600231F5B /* NotificationViewController.swift */,
				526CFA07230DB1770033DAA0 /* ChannelSettingsViewController.swift */,
				52718BA1232A535200DFC6C4 /* CategoriesDetailsViewController.swift */,
				520AE332232DC8A80087EDC2 /* BroadcastViewController.swift */,
				520AE336232E57060087EDC2 /* SelectChannelViewController.swift */,
			);
			path = Controller;
			sourceTree = "<group>";
		};
		52718BA7232B5D9500DFC6C4 /* Extensions */ = {
			isa = PBXGroup;
			children = (
				52718BA3232B53C900DFC6C4 /* UIView+Border.swift */,
				52718BA9232B5DAD00DFC6C4 /* Date+Utils.swift */,
				52718BAB232B884300DFC6C4 /* SVProgressHUDUtils.swift */,
				52B3311B2333E5020064DD16 /* String+Unils.swift */,
			);
			path = Extensions;
			sourceTree = "<group>";
		};
		52718BB2232CC9B300DFC6C4 /* Contacts */ = {
			isa = PBXGroup;
			children = (
				52718BB3232CC9CA00DFC6C4 /* PhoneContacts.swift */,
			);
			path = Contacts;
			sourceTree = "<group>";
		};
		528C9D1322C1785700839EBD /* Archive */ = {
			isa = PBXGroup;
			children = (
				525D90DC20A874D000095036 /* ChallengeViewController.swift */,
				52386CF7208AC53E0062C898 /* NoChannelViewController.swift */,
				5225F9B220B763D600D95B8A /* VoteViewController.swift */,
				521821F320AF9E9A009F8FD5 /* LeaderboardViewController.swift */,
				5289F6A122EC787E00A85573 /* ImageViewControllerBackup.swift */,
				52BE749B208FAC83005414B5 /* ContactsModel.swift */,
				52BE7497208E54E1005414B5 /* SelectParticipantsViewController.swift */,
				5225F9AE20B2390100D95B8A /* ChannelTableViewCellArchive.swift */,
				52C7B335209CF6520060F222 /* ColourPalette.swift */,
				52E3E27C22D1167900F40F7C /* ChannelBackupViewController.swift */,
				528C9D2222CAA28600839EBD /* SignUpStep4ViewController.swift */,
				525D90E020AA4C7B00095036 /* MobileNumberViewController.swift */,
				52B0C2DD20D5D3EC000A8AED /* Channel_Detail.storyboard */,
			);
			path = Archive;
			sourceTree = "<group>";
		};
		5296A32B208524BD00A5F2A8 /* Utility */ = {
			isa = PBXGroup;
			children = (
				5269A37F22D150B600231F5B /* Utility.swift */,
				528C9D1A22C5686300839EBD /* Extension.swift */,
				52B88688208381E80066D116 /* ButtonSettings.swift */,
				523BCDB820FABC8700318D64 /* SwipeViewController.swift */,
				5225F9AC20B2284A00D95B8A /* UIImageViewWithMask.swift */,
				52D5D11420BA2BBE00965A17 /* BorderView.swift */,
				5296A328208523D400A5F2A8 /* UIView.swift */,
				5269A38722D67E1200231F5B /* StorageService.swift */,
			);
			name = Utility;
			path = Controller/Utility;
			sourceTree = "<group>";
		};
		529D15F02078D0170085115B /* API */ = {
			isa = PBXGroup;
			children = (
				529D15F12078D02E0085115B /* AuthService.swift */,
				529D15F52078E21D0085115B /* Api.swift */,
				529D15F72078E23F0085115B /* UserApi.swift */,
				52E1339020CB46A30057F922 /* ChannelApi.swift */,
				527F614D20D0876700DDA988 /* UserChannelApi.swift */,
				523024F8210273C60091AE52 /* PostApi.swift */,
				523024F621026E220091AE52 /* ChannelPostApi.swift */,
				528C9D1422C29DDF00839EBD /* Ref.swift */,
				52C4DC682313412200B92EBD /* SendPushNotification.swift */,
			);
			path = API;
			sourceTree = "<group>";
		};
		52AFD4F520BA3D8F0039559A /* Storyboards */ = {
			isa = PBXGroup;
			children = (
				52411EEB2067236F00B3E78E /* Main.storyboard */,
				52182DE720BDCA560049FFB3 /* Channel.storyboard */,
				52D5D11620BA358A00965A17 /* Camera.storyboard */,
				52B31EFA20C726CE0089C373 /* Settings.storyboard */,
			);
			path = Storyboards;
			sourceTree = "<group>";
		};
		52E3E27922D0DDE500F40F7C /* Login & Register */ = {
			isa = PBXGroup;
			children = (
				52411EE92067236F00B3E78E /* WelcomeViewController.swift */,
				528C9D1622C562EA00839EBD /* LoginViewController.swift */,
				528C9D1822C5630000839EBD /* SignUpStep1ViewController.swift */,
				528C9D2022CAA25B00839EBD /* SignUpStep2ViewController.swift */,
				52718BB7232D1B6300DFC6C4 /* PhoneNumberViewController.swift */,
				528C9D1C22C774D500839EBD /* SignUpStep3ViewController.swift */,
				528C9D1E22C7873600839EBD /* ForgotPasswordViewController.swift */,
			);
			path = "Login & Register";
			sourceTree = "<group>";
		};
		CC4877C8E63333A88501439E /* Pods */ = {
			isa = PBXGroup;
			children = (
				32AE9FB8E36E7562B4B1BC30 /* Pods-Sapnin.debug.xcconfig */,
				E242AD206F731ED159FC4D83 /* Pods-Sapnin.release.xcconfig */,
			);
			name = Pods;
			sourceTree = "<group>";
		};
		D297B601CF91B6903EED6B4C /* Frameworks */ = {
			isa = PBXGroup;
			children = (
				C69CAF9E62816387F5103D5C /* Pods_Sapnin.framework */,
			);
			name = Frameworks;
			sourceTree = "<group>";
		};
/* End PBXGroup section */

/* Begin PBXNativeTarget section */
		52411EE32067236F00B3E78E /* Sapnin */ = {
			isa = PBXNativeTarget;
			buildConfigurationList = 52411EF62067236F00B3E78E /* Build configuration list for PBXNativeTarget "Sapnin" */;
			buildPhases = (
				CFFB37EC4D03CA6637AF6C0D /* [CP] Check Pods Manifest.lock */,
				52411EE02067236F00B3E78E /* Sources */,
				52411EE12067236F00B3E78E /* Frameworks */,
				52411EE22067236F00B3E78E /* Resources */,
				60857E8A36C8BF21ABD36C9C /* [CP] Embed Pods Frameworks */,
			);
			buildRules = (
			);
			dependencies = (
			);
			name = Sapnin;
			productName = Sapnin;
			productReference = 52411EE42067236F00B3E78E /* Sapnin.app */;
			productType = "com.apple.product-type.application";
		};
/* End PBXNativeTarget section */

/* Begin PBXProject section */
		52411EDC2067236F00B3E78E /* Project object */ = {
			isa = PBXProject;
			attributes = {
				LastSwiftUpdateCheck = 0920;
				LastUpgradeCheck = 0920;
				ORGANIZATIONNAME = lau;
				TargetAttributes = {
					52411EE32067236F00B3E78E = {
						CreatedOnToolsVersion = 9.2;
						ProvisioningStyle = Manual;
						SystemCapabilities = {
							com.apple.Push = {
								enabled = 1;
							};
						};
					};
				};
			};
			buildConfigurationList = 52411EDF2067236F00B3E78E /* Build configuration list for PBXProject "Sapnin" */;
			compatibilityVersion = "Xcode 8.0";
			developmentRegion = en;
			hasScannedForEncodings = 0;
			knownRegions = (
				en,
				Base,
			);
			mainGroup = 52411EDB2067236F00B3E78E;
			productRefGroup = 52411EE52067236F00B3E78E /* Products */;
			projectDirPath = "";
			projectRoot = "";
			targets = (
				52411EE32067236F00B3E78E /* Sapnin */,
			);
		};
/* End PBXProject section */

/* Begin PBXResourcesBuildPhase section */
		52411EE22067236F00B3E78E /* Resources */ = {
			isa = PBXResourcesBuildPhase;
			buildActionMask = 2147483647;
			files = (
				52182DE420BDBACC0049FFB3 /* Roboto-Bold.ttf in Resources */,
				52182DE520BDBACC0049FFB3 /* Roboto-Light.ttf in Resources */,
				52182DE620BDBACC0049FFB3 /* Roboto-Regular.ttf in Resources */,
				52411EF22067236F00B3E78E /* LaunchScreen.storyboard in Resources */,
				52D5D11720BA358A00965A17 /* Camera.storyboard in Resources */,
				52B31EFB20C726CE0089C373 /* Settings.storyboard in Resources */,
				524AAE4822DA7ED9000AD856 /* Assets.xcassets in Resources */,
				52B0C2DE20D5D3EC000A8AED /* Channel_Detail.storyboard in Resources */,
				52182DE820BDCA560049FFB3 /* Channel.storyboard in Resources */,
				526CFA0C230DD3610033DAA0 /* ChannelDetailStoryHeaderView.xib in Resources */,
				52411EFA206BE6DA00B3E78E /* Arciform.otf in Resources */,
				52411EED2067236F00B3E78E /* Main.storyboard in Resources */,
				525D90E320AD004900095036 /* CountryCodes.json in Resources */,
				52F794982323B07100E320AE /* GoogleService-Info.plist in Resources */,
			);
			runOnlyForDeploymentPostprocessing = 0;
		};
/* End PBXResourcesBuildPhase section */

/* Begin PBXShellScriptBuildPhase section */
		60857E8A36C8BF21ABD36C9C /* [CP] Embed Pods Frameworks */ = {
			isa = PBXShellScriptBuildPhase;
			buildActionMask = 2147483647;
			files = (
			);
			inputPaths = (
				"${PODS_ROOT}/Target Support Files/Pods-Sapnin/Pods-Sapnin-frameworks.sh",
				"${BUILT_PRODUCTS_DIR}/FBSDKCoreKit/FBSDKCoreKit.framework",
				"${BUILT_PRODUCTS_DIR}/FBSDKLoginKit/FBSDKLoginKit.framework",
				"${BUILT_PRODUCTS_DIR}/FacebookCore/FacebookCore.framework",
				"${BUILT_PRODUCTS_DIR}/FacebookLogin/FacebookLogin.framework",
				"${BUILT_PRODUCTS_DIR}/GTMSessionFetcher/GTMSessionFetcher.framework",
				"${BUILT_PRODUCTS_DIR}/GoogleUtilities/GoogleUtilities.framework",
				"${BUILT_PRODUCTS_DIR}/PhoneNumberKit/PhoneNumberKit.framework",
				"${BUILT_PRODUCTS_DIR}/PocketSVG/PocketSVG.framework",
				"${BUILT_PRODUCTS_DIR}/ProgressHUD/ProgressHUD.framework",
				"${BUILT_PRODUCTS_DIR}/Protobuf/Protobuf.framework",
				"${BUILT_PRODUCTS_DIR}/SDWebImage/SDWebImage.framework",
				"${BUILT_PRODUCTS_DIR}/SVProgressHUD/SVProgressHUD.framework",
				"${BUILT_PRODUCTS_DIR}/SwiftTransition/SwiftTransition.framework",
				"${BUILT_PRODUCTS_DIR}/SwiftyJSON/SwiftyJSON.framework",
				"${BUILT_PRODUCTS_DIR}/leveldb-library/leveldb.framework",
				"${BUILT_PRODUCTS_DIR}/nanopb/nanopb.framework",
			);
			name = "[CP] Embed Pods Frameworks";
			outputPaths = (
				"${TARGET_BUILD_DIR}/${FRAMEWORKS_FOLDER_PATH}/FBSDKCoreKit.framework",
				"${TARGET_BUILD_DIR}/${FRAMEWORKS_FOLDER_PATH}/FBSDKLoginKit.framework",
				"${TARGET_BUILD_DIR}/${FRAMEWORKS_FOLDER_PATH}/FacebookCore.framework",
				"${TARGET_BUILD_DIR}/${FRAMEWORKS_FOLDER_PATH}/FacebookLogin.framework",
				"${TARGET_BUILD_DIR}/${FRAMEWORKS_FOLDER_PATH}/GTMSessionFetcher.framework",
				"${TARGET_BUILD_DIR}/${FRAMEWORKS_FOLDER_PATH}/GoogleUtilities.framework",
				"${TARGET_BUILD_DIR}/${FRAMEWORKS_FOLDER_PATH}/PhoneNumberKit.framework",
				"${TARGET_BUILD_DIR}/${FRAMEWORKS_FOLDER_PATH}/PocketSVG.framework",
				"${TARGET_BUILD_DIR}/${FRAMEWORKS_FOLDER_PATH}/ProgressHUD.framework",
				"${TARGET_BUILD_DIR}/${FRAMEWORKS_FOLDER_PATH}/Protobuf.framework",
				"${TARGET_BUILD_DIR}/${FRAMEWORKS_FOLDER_PATH}/SDWebImage.framework",
				"${TARGET_BUILD_DIR}/${FRAMEWORKS_FOLDER_PATH}/SVProgressHUD.framework",
				"${TARGET_BUILD_DIR}/${FRAMEWORKS_FOLDER_PATH}/SwiftTransition.framework",
				"${TARGET_BUILD_DIR}/${FRAMEWORKS_FOLDER_PATH}/SwiftyJSON.framework",
				"${TARGET_BUILD_DIR}/${FRAMEWORKS_FOLDER_PATH}/leveldb.framework",
				"${TARGET_BUILD_DIR}/${FRAMEWORKS_FOLDER_PATH}/nanopb.framework",
			);
			runOnlyForDeploymentPostprocessing = 0;
			shellPath = /bin/sh;
			shellScript = "\"${PODS_ROOT}/Target Support Files/Pods-Sapnin/Pods-Sapnin-frameworks.sh\"\n";
			showEnvVarsInLog = 0;
		};
		CFFB37EC4D03CA6637AF6C0D /* [CP] Check Pods Manifest.lock */ = {
			isa = PBXShellScriptBuildPhase;
			buildActionMask = 2147483647;
			files = (
			);
			inputPaths = (
				"${PODS_PODFILE_DIR_PATH}/Podfile.lock",
				"${PODS_ROOT}/Manifest.lock",
			);
			name = "[CP] Check Pods Manifest.lock";
			outputPaths = (
				"$(DERIVED_FILE_DIR)/Pods-Sapnin-checkManifestLockResult.txt",
			);
			runOnlyForDeploymentPostprocessing = 0;
			shellPath = /bin/sh;
			shellScript = "diff \"${PODS_PODFILE_DIR_PATH}/Podfile.lock\" \"${PODS_ROOT}/Manifest.lock\" > /dev/null\nif [ $? != 0 ] ; then\n    # print error to STDERR\n    echo \"error: The sandbox is not in sync with the Podfile.lock. Run 'pod install' or update your CocoaPods installation.\" >&2\n    exit 1\nfi\n# This output is used by Xcode 'outputs' to avoid re-running this script phase.\necho \"SUCCESS\" > \"${SCRIPT_OUTPUT_FILE_0}\"\n";
			showEnvVarsInLog = 0;
		};
/* End PBXShellScriptBuildPhase section */

/* Begin PBXSourcesBuildPhase section */
		52411EE02067236F00B3E78E /* Sources */ = {
			isa = PBXSourcesBuildPhase;
			buildActionMask = 2147483647;
			files = (
				5269A38222D16A3600231F5B /* NotificationViewController.swift in Sources */,
				5225F9B320B763D600D95B8A /* VoteViewController.swift in Sources */,
				528C9D1722C562EA00839EBD /* LoginViewController.swift in Sources */,
				522F0A0D20D418B20072A63E /* Channel.swift in Sources */,
				528C9D2322CAA28600839EBD /* SignUpStep4ViewController.swift in Sources */,
				5289F6A022EC6EB500A85573 /* ImageCollectionViewCell.swift in Sources */,
				5225F9AD20B2284A00D95B8A /* UIImageViewWithMask.swift in Sources */,
				52A2FA0D22EB6F5F00D7AAD9 /* ImageViewController.swift in Sources */,
				52B88689208381E80066D116 /* ButtonSettings.swift in Sources */,
				529D15F62078E21D0085115B /* Api.swift in Sources */,
				52B0C2E020D98DC1000A8AED /* ChannelDetailViewController.swift in Sources */,

				52C4DC692313412200B92EBD /* Configs.swift in Sources */,
				52718BA2232A535200DFC6C4 /* CategoriesDetailsViewController.swift in Sources */,

				52C4DC692313412200B92EBD /* SendPushNotification.swift in Sources */,

				526CFA0B230DD3610033DAA0 /* ChannelDetailStoryHeaderView.swift in Sources */,
				52BE7498208E54E1005414B5 /* SelectParticipantsViewController.swift in Sources */,
				528C9D1F22C7873600839EBD /* ForgotPasswordViewController.swift in Sources */,
				5296A329208523D400A5F2A8 /* UIView.swift in Sources */,
				523024F9210273C60091AE52 /* PostApi.swift in Sources */,
				528C9D1522C29DDF00839EBD /* Ref.swift in Sources */,
				52411EEA2067236F00B3E78E /* WelcomeViewController.swift in Sources */,
				52157A06233F688400467567 /* PhotoPageContainerViewController.swift in Sources */,
				52718BB8232D1B6300DFC6C4 /* PhoneNumberViewController.swift in Sources */,
				52411EE82067236F00B3E78E /* AppDelegate.swift in Sources */,
				528C9D1D22C774D500839EBD /* SignUpStep3ViewController.swift in Sources */,
				5269A38022D150B600231F5B /* Utility.swift in Sources */,
				528C9D2122CAA25B00839EBD /* SignUpStep2ViewController.swift in Sources */,
				52C0B092209395A2009B8206 /* CreateChannelStep1TableViewCell.swift in Sources */,
				523024F721026E220091AE52 /* ChannelPostApi.swift in Sources */,
				52A2FA0B22E653B400D7AAD9 /* ChannelPost.swift in Sources */,
				528C9D1B22C5686300839EBD /* Extension.swift in Sources */,
				520AE337232E57060087EDC2 /* SelectChannelViewController.swift in Sources */,
				520AE333232DC8A80087EDC2 /* BroadcastViewController.swift in Sources */,
				521821F420AF9E9A009F8FD5 /* LeaderboardViewController.swift in Sources */,
				520AE339232E6D950087EDC2 /* SelectChannelTableViewCell.swift in Sources */,
				529CB4FA20742328003DE1CE /* SettingsViewController.swift in Sources */,
				52157A07233F688400467567 /* PhotoZoomViewController.swift in Sources */,
				52718B9E232A37A900DFC6C4 /* ChannelDetailsQuadImageCollectionViewCell.swift in Sources */,
				5271340F20DC19180036EA36 /* ChannelDetailCollectionViewCell.swift in Sources */,
				52718BA0232A3B3700DFC6C4 /* ChannelDetailSingleImageCollectionViewCell.swift in Sources */,
				529D15F42078D1E30085115B /* User.swift in Sources */,
				52157A03233F631A00467567 /* ZoomAnimator.swift in Sources */,
				525D90E120AA4C7B00095036 /* MobileNumberViewController.swift in Sources */,
				520AE335232DD0050087EDC2 /* BroadcastTableViewCell.swift in Sources */,
				5269A38422D16D0600231F5B /* CreateChannelStep1ViewController.swift in Sources */,
				52718B9A232A378400DFC6C4 /* ChannelDetailsDoubleImageCollectionViewCell.swift in Sources */,
				521821F220AF6806009F8FD5 /* StoriesViewController.swift in Sources */,
				525D90DD20A874D000095036 /* ChallengeViewController.swift in Sources */,
				52EA3EAB23351C9600CE19F4 /* StoryCollectionViewCell.swift in Sources */,
				5271340A20D9A0020036EA36 /* BrandColours.swift in Sources */,
				52D5D11520BA2BBE00965A17 /* BorderView.swift in Sources */,
				528C9D1922C5630000839EBD /* SignUpStep1ViewController.swift in Sources */,
				52718BB4232CC9CA00DFC6C4 /* PhoneContacts.swift in Sources */,
				52157A02233F631A00467567 /* ZoomDismissalInteractionController.swift in Sources */,
				52B3311C2333E5020064DD16 /* String+Unils.swift in Sources */,
				527EA01E207EBF5D00EA2F18 /* CameraViewController.swift in Sources */,
				52BE749C208FAC83005414B5 /* ContactsModel.swift in Sources */,
				5269A38822D67E1200231F5B /* StorageService.swift in Sources */,
				52718BAC232B884300DFC6C4 /* SVProgressHUDUtils.swift in Sources */,
				52718BAA232B5DAD00DFC6C4 /* Date+Utils.swift in Sources */,
				52E1339120CB46A30057F922 /* ChannelApi.swift in Sources */,
				52B31EF920C720100089C373 /* CreateChannelStep2ViewController.swift in Sources */,
				5225F9AF20B2390100D95B8A /* ChannelTableViewCellArchive.swift in Sources */,
				52718BA4232B53C900DFC6C4 /* UIView+Border.swift in Sources */,
				5269A38622D2553600231F5B /* ChannelTableViewCell.swift in Sources */,
				52718B9C232A379100DFC6C4 /* ChannelDetailsTrippleImageCollectionViewCell.swift in Sources */,
				529D15F82078E23F0085115B /* UserApi.swift in Sources */,
				5225F9B120B2459900D95B8A /* ChannelViewController.swift in Sources */,
				52386CF8208AC53E0062C898 /* NoChannelViewController.swift in Sources */,
				5289F6A222EC787E00A85573 /* ImageViewControllerBackup.swift in Sources */,
				52C7B336209CF6520060F222 /* ColourPalette.swift in Sources */,
				529D15F22078D02E0085115B /* AuthService.swift in Sources */,
				522018932082DF00004AB74F /* PreviewViewController.swift in Sources */,
				52E3E27D22D1167900F40F7C /* ChannelBackupViewController.swift in Sources */,
				523BCDB920FABC8700318D64 /* SwipeViewController.swift in Sources */,
				52157A01233F631A00467567 /* ZoomTransitionController.swift in Sources */,
				527F614E20D0876700DDA988 /* UserChannelApi.swift in Sources */,
				526CFA0623081F940033DAA0 /* ChannelDetailSectionHeaderView.swift in Sources */,
				525D90DF20A88C9800095036 /* ChallengeTableViewCell.swift in Sources */,
				526CFA08230DB1770033DAA0 /* ChannelSettingsViewController.swift in Sources */,
			);
			runOnlyForDeploymentPostprocessing = 0;
		};
/* End PBXSourcesBuildPhase section */

/* Begin PBXVariantGroup section */
		52411EEB2067236F00B3E78E /* Main.storyboard */ = {
			isa = PBXVariantGroup;
			children = (
				52411EEC2067236F00B3E78E /* Base */,
			);
			name = Main.storyboard;
			sourceTree = "<group>";
		};
		52411EF02067236F00B3E78E /* LaunchScreen.storyboard */ = {
			isa = PBXVariantGroup;
			children = (
				52411EF12067236F00B3E78E /* Base */,
			);
			name = LaunchScreen.storyboard;
			sourceTree = "<group>";
		};
/* End PBXVariantGroup section */

/* Begin XCBuildConfiguration section */
		52411EF42067236F00B3E78E /* Debug */ = {
			isa = XCBuildConfiguration;
			buildSettings = {
				ALWAYS_SEARCH_USER_PATHS = NO;
				CLANG_ANALYZER_NONNULL = YES;
				CLANG_ANALYZER_NUMBER_OBJECT_CONVERSION = YES_AGGRESSIVE;
				CLANG_CXX_LANGUAGE_STANDARD = "gnu++14";
				CLANG_CXX_LIBRARY = "libc++";
				CLANG_ENABLE_MODULES = YES;
				CLANG_ENABLE_OBJC_ARC = YES;
				CLANG_WARN_BLOCK_CAPTURE_AUTORELEASING = YES;
				CLANG_WARN_BOOL_CONVERSION = YES;
				CLANG_WARN_COMMA = YES;
				CLANG_WARN_CONSTANT_CONVERSION = YES;
				CLANG_WARN_DIRECT_OBJC_ISA_USAGE = YES_ERROR;
				CLANG_WARN_DOCUMENTATION_COMMENTS = YES;
				CLANG_WARN_EMPTY_BODY = YES;
				CLANG_WARN_ENUM_CONVERSION = YES;
				CLANG_WARN_INFINITE_RECURSION = YES;
				CLANG_WARN_INT_CONVERSION = YES;
				CLANG_WARN_NON_LITERAL_NULL_CONVERSION = YES;
				CLANG_WARN_OBJC_LITERAL_CONVERSION = YES;
				CLANG_WARN_OBJC_ROOT_CLASS = YES_ERROR;
				CLANG_WARN_RANGE_LOOP_ANALYSIS = YES;
				CLANG_WARN_STRICT_PROTOTYPES = YES;
				CLANG_WARN_SUSPICIOUS_MOVE = YES;
				CLANG_WARN_UNGUARDED_AVAILABILITY = YES_AGGRESSIVE;
				CLANG_WARN_UNREACHABLE_CODE = YES;
				CLANG_WARN__DUPLICATE_METHOD_MATCH = YES;
				CODE_SIGN_IDENTITY = "iPhone Developer";
				COPY_PHASE_STRIP = NO;
				DEBUG_INFORMATION_FORMAT = dwarf;
				ENABLE_STRICT_OBJC_MSGSEND = YES;
				ENABLE_TESTABILITY = YES;
				GCC_C_LANGUAGE_STANDARD = gnu11;
				GCC_DYNAMIC_NO_PIC = NO;
				GCC_NO_COMMON_BLOCKS = YES;
				GCC_OPTIMIZATION_LEVEL = 0;
				GCC_PREPROCESSOR_DEFINITIONS = (
					"DEBUG=1",
					"$(inherited)",
				);
				GCC_WARN_64_TO_32_BIT_CONVERSION = YES;
				GCC_WARN_ABOUT_RETURN_TYPE = YES_ERROR;
				GCC_WARN_UNDECLARED_SELECTOR = YES;
				GCC_WARN_UNINITIALIZED_AUTOS = YES_AGGRESSIVE;
				GCC_WARN_UNUSED_FUNCTION = YES;
				GCC_WARN_UNUSED_VARIABLE = YES;
				IPHONEOS_DEPLOYMENT_TARGET = 11.2;
				MTL_ENABLE_DEBUG_INFO = YES;
				ONLY_ACTIVE_ARCH = YES;
				SDKROOT = iphoneos;
				SWIFT_ACTIVE_COMPILATION_CONDITIONS = DEBUG;
				SWIFT_OPTIMIZATION_LEVEL = "-Onone";
			};
			name = Debug;
		};
		52411EF52067236F00B3E78E /* Release */ = {
			isa = XCBuildConfiguration;
			buildSettings = {
				ALWAYS_SEARCH_USER_PATHS = NO;
				CLANG_ANALYZER_NONNULL = YES;
				CLANG_ANALYZER_NUMBER_OBJECT_CONVERSION = YES_AGGRESSIVE;
				CLANG_CXX_LANGUAGE_STANDARD = "gnu++14";
				CLANG_CXX_LIBRARY = "libc++";
				CLANG_ENABLE_MODULES = YES;
				CLANG_ENABLE_OBJC_ARC = YES;
				CLANG_WARN_BLOCK_CAPTURE_AUTORELEASING = YES;
				CLANG_WARN_BOOL_CONVERSION = YES;
				CLANG_WARN_COMMA = YES;
				CLANG_WARN_CONSTANT_CONVERSION = YES;
				CLANG_WARN_DIRECT_OBJC_ISA_USAGE = YES_ERROR;
				CLANG_WARN_DOCUMENTATION_COMMENTS = YES;
				CLANG_WARN_EMPTY_BODY = YES;
				CLANG_WARN_ENUM_CONVERSION = YES;
				CLANG_WARN_INFINITE_RECURSION = YES;
				CLANG_WARN_INT_CONVERSION = YES;
				CLANG_WARN_NON_LITERAL_NULL_CONVERSION = YES;
				CLANG_WARN_OBJC_LITERAL_CONVERSION = YES;
				CLANG_WARN_OBJC_ROOT_CLASS = YES_ERROR;
				CLANG_WARN_RANGE_LOOP_ANALYSIS = YES;
				CLANG_WARN_STRICT_PROTOTYPES = YES;
				CLANG_WARN_SUSPICIOUS_MOVE = YES;
				CLANG_WARN_UNGUARDED_AVAILABILITY = YES_AGGRESSIVE;
				CLANG_WARN_UNREACHABLE_CODE = YES;
				CLANG_WARN__DUPLICATE_METHOD_MATCH = YES;
				CODE_SIGN_IDENTITY = "iPhone Developer";
				COPY_PHASE_STRIP = NO;
				DEBUG_INFORMATION_FORMAT = "dwarf-with-dsym";
				ENABLE_NS_ASSERTIONS = NO;
				ENABLE_STRICT_OBJC_MSGSEND = YES;
				GCC_C_LANGUAGE_STANDARD = gnu11;
				GCC_NO_COMMON_BLOCKS = YES;
				GCC_WARN_64_TO_32_BIT_CONVERSION = YES;
				GCC_WARN_ABOUT_RETURN_TYPE = YES_ERROR;
				GCC_WARN_UNDECLARED_SELECTOR = YES;
				GCC_WARN_UNINITIALIZED_AUTOS = YES_AGGRESSIVE;
				GCC_WARN_UNUSED_FUNCTION = YES;
				GCC_WARN_UNUSED_VARIABLE = YES;
				IPHONEOS_DEPLOYMENT_TARGET = 11.2;
				MTL_ENABLE_DEBUG_INFO = NO;
				SDKROOT = iphoneos;
				SWIFT_OPTIMIZATION_LEVEL = "-Owholemodule";
				VALIDATE_PRODUCT = YES;
			};
			name = Release;
		};
		52411EF72067236F00B3E78E /* Debug */ = {
			isa = XCBuildConfiguration;
			baseConfigurationReference = 32AE9FB8E36E7562B4B1BC30 /* Pods-Sapnin.debug.xcconfig */;
			buildSettings = {
				ASSETCATALOG_COMPILER_APPICON_NAME = AppIcon;
				CODE_SIGN_ENTITLEMENTS = Sapnin/Sapnin.entitlements;
				CODE_SIGN_IDENTITY = "iPhone Developer: Jing Lau (82F7G2NTDQ)";
				CODE_SIGN_STYLE = Manual;
				CURRENT_PROJECT_VERSION = 2.19;
				DEVELOPMENT_TEAM = S4733C6V9X;
				INFOPLIST_FILE = Sapnin/Info.plist;
				IPHONEOS_DEPLOYMENT_TARGET = 11.3;
				LD_RUNPATH_SEARCH_PATHS = "$(inherited) @executable_path/Frameworks";
				PRODUCT_BUNDLE_IDENTIFIER = com.Lau.Dooley.Sapnin;
				PRODUCT_NAME = "$(TARGET_NAME)";
				PROVISIONING_PROFILE_SPECIFIER = SapninDev;
				SWIFT_VERSION = 4.2;
				TARGETED_DEVICE_FAMILY = "1,2";
			};
			name = Debug;
		};
		52411EF82067236F00B3E78E /* Release */ = {
			isa = XCBuildConfiguration;
			baseConfigurationReference = E242AD206F731ED159FC4D83 /* Pods-Sapnin.release.xcconfig */;
			buildSettings = {
				ASSETCATALOG_COMPILER_APPICON_NAME = AppIcon;
				CODE_SIGN_ENTITLEMENTS = Sapnin/Sapnin.entitlements;
				CODE_SIGN_IDENTITY = "iPhone Distribution: Jing Lau (S4733C6V9X)";
				CODE_SIGN_STYLE = Manual;
				CURRENT_PROJECT_VERSION = 2.19;
				DEVELOPMENT_TEAM = S4733C6V9X;
				INFOPLIST_FILE = Sapnin/Info.plist;
				IPHONEOS_DEPLOYMENT_TARGET = 11.3;
				LD_RUNPATH_SEARCH_PATHS = "$(inherited) @executable_path/Frameworks";
				PRODUCT_BUNDLE_IDENTIFIER = com.Lau.Dooley.Sapnin;
				PRODUCT_NAME = "$(TARGET_NAME)";
				PROVISIONING_PROFILE_SPECIFIER = SapninAppStore;
				SWIFT_VERSION = 4.2;
				TARGETED_DEVICE_FAMILY = "1,2";
			};
			name = Release;
		};
/* End XCBuildConfiguration section */

/* Begin XCConfigurationList section */
		52411EDF2067236F00B3E78E /* Build configuration list for PBXProject "Sapnin" */ = {
			isa = XCConfigurationList;
			buildConfigurations = (
				52411EF42067236F00B3E78E /* Debug */,
				52411EF52067236F00B3E78E /* Release */,
			);
			defaultConfigurationIsVisible = 0;
			defaultConfigurationName = Release;
		};
		52411EF62067236F00B3E78E /* Build configuration list for PBXNativeTarget "Sapnin" */ = {
			isa = XCConfigurationList;
			buildConfigurations = (
				52411EF72067236F00B3E78E /* Debug */,
				52411EF82067236F00B3E78E /* Release */,
			);
			defaultConfigurationIsVisible = 0;
			defaultConfigurationName = Release;
		};
/* End XCConfigurationList section */
	};
	rootObject = 52411EDC2067236F00B3E78E /* Project object */;
}
